// !$*UTF8*$!
{
	archiveVersion = 1;
	classes = {
	};
	objectVersion = 50;
	objects = {

/* Begin PBXBuildFile section */
		865F1F0922BDC04C0096E5D3 /* AppDelegate.swift in Sources */ = {isa = PBXBuildFile; fileRef = 865F1F0822BDC04C0096E5D3 /* AppDelegate.swift */; };
		865F1F0B22BDC04C0096E5D3 /* ViewController.swift in Sources */ = {isa = PBXBuildFile; fileRef = 865F1F0A22BDC04C0096E5D3 /* ViewController.swift */; };
		865F1F0E22BDC04C0096E5D3 /* Main.storyboard in Resources */ = {isa = PBXBuildFile; fileRef = 865F1F0C22BDC04C0096E5D3 /* Main.storyboard */; };
		865F1F1022BDC04F0096E5D3 /* Assets.xcassets in Resources */ = {isa = PBXBuildFile; fileRef = 865F1F0F22BDC04F0096E5D3 /* Assets.xcassets */; };
		865F1F1322BDC04F0096E5D3 /* LaunchScreen.storyboard in Resources */ = {isa = PBXBuildFile; fileRef = 865F1F1122BDC04F0096E5D3 /* LaunchScreen.storyboard */; };
		865F1F1E22BDC04F0096E5D3 /* Body_For_LifeTests.swift in Sources */ = {isa = PBXBuildFile; fileRef = 865F1F1D22BDC04F0096E5D3 /* Body_For_LifeTests.swift */; };
		865F1F2922BDC04F0096E5D3 /* Body_For_LifeUITests.swift in Sources */ = {isa = PBXBuildFile; fileRef = 865F1F2822BDC04F0096E5D3 /* Body_For_LifeUITests.swift */; };
		865F1F3722BDC18E0096E5D3 /* WorkoutSelectionViewController.swift in Sources */ = {isa = PBXBuildFile; fileRef = 865F1F3622BDC18E0096E5D3 /* WorkoutSelectionViewController.swift */; };
		865F1F3922BDC4E70096E5D3 /* WorkoutCell.swift in Sources */ = {isa = PBXBuildFile; fileRef = 865F1F3822BDC4E70096E5D3 /* WorkoutCell.swift */; };
		865F1F3D22BFDE130096E5D3 /* EditWorkoutViewController.swift in Sources */ = {isa = PBXBuildFile; fileRef = 865F1F3C22BFDE130096E5D3 /* EditWorkoutViewController.swift */; };
		865F1F3F22BFE0260096E5D3 /* EditWorkoutButton.swift in Sources */ = {isa = PBXBuildFile; fileRef = 865F1F3E22BFE0260096E5D3 /* EditWorkoutButton.swift */; };
		865F1F4122C3D5520096E5D3 /* ExerciseCell.swift in Sources */ = {isa = PBXBuildFile; fileRef = 865F1F4022C3D5520096E5D3 /* ExerciseCell.swift */; };
		865F1F4A22C518710096E5D3 /* RepsCell.swift in Sources */ = {isa = PBXBuildFile; fileRef = 865F1F4922C518710096E5D3 /* RepsCell.swift */; };
		865F1F4C22C51D470096E5D3 /* RepsViewController.swift in Sources */ = {isa = PBXBuildFile; fileRef = 865F1F4B22C51D470096E5D3 /* RepsViewController.swift */; };
		865F1F4E22C525CA0096E5D3 /* EditRepViewController.swift in Sources */ = {isa = PBXBuildFile; fileRef = 865F1F4D22C525CA0096E5D3 /* EditRepViewController.swift */; };
		865F1F8E22C7D8F60096E5D3 /* Body_For_Life.xcdatamodeld in Sources */ = {isa = PBXBuildFile; fileRef = 865F1F8C22C7D8F60096E5D3 /* Body_For_Life.xcdatamodeld */; };
		865F1F9522C90FB60096E5D3 /* Workout+CoreDataClass.swift in Sources */ = {isa = PBXBuildFile; fileRef = 865F1F8F22C90FB60096E5D3 /* Workout+CoreDataClass.swift */; };
		865F1F9622C90FB60096E5D3 /* Workout+CoreDataProperties.swift in Sources */ = {isa = PBXBuildFile; fileRef = 865F1F9022C90FB60096E5D3 /* Workout+CoreDataProperties.swift */; };
		865F1F9922C90FB60096E5D3 /* Rep+CoreDataClass.swift in Sources */ = {isa = PBXBuildFile; fileRef = 865F1F9322C90FB60096E5D3 /* Rep+CoreDataClass.swift */; };
		865F1F9A22C90FB60096E5D3 /* Rep+CoreDataProperties.swift in Sources */ = {isa = PBXBuildFile; fileRef = 865F1F9422C90FB60096E5D3 /* Rep+CoreDataProperties.swift */; };
		865F1F9D22C916A90096E5D3 /* Exercise+CoreDataClass.swift in Sources */ = {isa = PBXBuildFile; fileRef = 865F1F9B22C916A90096E5D3 /* Exercise+CoreDataClass.swift */; };
		865F1F9E22C916A90096E5D3 /* Exercise+CoreDataProperties.swift in Sources */ = {isa = PBXBuildFile; fileRef = 865F1F9C22C916A90096E5D3 /* Exercise+CoreDataProperties.swift */; };
		865F1FA022C9BC270096E5D3 /* WorkoutViewController.swift in Sources */ = {isa = PBXBuildFile; fileRef = 865F1F9F22C9BC270096E5D3 /* WorkoutViewController.swift */; };
		86C9F2D622F1FB2A00E64C1B /* Rep+CoreDataProperties.swift in Sources */ = {isa = PBXBuildFile; fileRef = 86C9F2D522F1FB2A00E64C1B /* Rep+CoreDataProperties.swift */; };
		86CBF714230B86E200B15C1D /* dumbbellIcon.png in Resources */ = {isa = PBXBuildFile; fileRef = 86CBF713230B86E100B15C1D /* dumbbellIcon.png */; };
		86CBF71623148B1400B15C1D /* DeleteTableViewRowAction.swift in Sources */ = {isa = PBXBuildFile; fileRef = 86CBF71523148B1400B15C1D /* DeleteTableViewRowAction.swift */; };
		86CBF71C231606B000B15C1D /* EditUserDataViewController.swift in Sources */ = {isa = PBXBuildFile; fileRef = 86CBF71B231606B000B15C1D /* EditUserDataViewController.swift */; };
/* End PBXBuildFile section */

/* Begin PBXContainerItemProxy section */
		865F1F1A22BDC04F0096E5D3 /* PBXContainerItemProxy */ = {
			isa = PBXContainerItemProxy;
			containerPortal = 865F1EFD22BDC04C0096E5D3 /* Project object */;
			proxyType = 1;
			remoteGlobalIDString = 865F1F0422BDC04C0096E5D3;
			remoteInfo = "Body For Life";
		};
		865F1F2522BDC04F0096E5D3 /* PBXContainerItemProxy */ = {
			isa = PBXContainerItemProxy;
			containerPortal = 865F1EFD22BDC04C0096E5D3 /* Project object */;
			proxyType = 1;
			remoteGlobalIDString = 865F1F0422BDC04C0096E5D3;
			remoteInfo = "Body For Life";
		};
/* End PBXContainerItemProxy section */

/* Begin PBXFileReference section */
		865F1F0522BDC04C0096E5D3 /* Body For Life.app */ = {isa = PBXFileReference; explicitFileType = wrapper.application; includeInIndex = 0; path = "Body For Life.app"; sourceTree = BUILT_PRODUCTS_DIR; };
		865F1F0822BDC04C0096E5D3 /* AppDelegate.swift */ = {isa = PBXFileReference; lastKnownFileType = sourcecode.swift; path = AppDelegate.swift; sourceTree = "<group>"; };
		865F1F0A22BDC04C0096E5D3 /* ViewController.swift */ = {isa = PBXFileReference; lastKnownFileType = sourcecode.swift; path = ViewController.swift; sourceTree = "<group>"; };
		865F1F0D22BDC04C0096E5D3 /* Base */ = {isa = PBXFileReference; lastKnownFileType = file.storyboard; name = Base; path = Base.lproj/Main.storyboard; sourceTree = "<group>"; };
		865F1F0F22BDC04F0096E5D3 /* Assets.xcassets */ = {isa = PBXFileReference; lastKnownFileType = folder.assetcatalog; path = Assets.xcassets; sourceTree = "<group>"; };
		865F1F1222BDC04F0096E5D3 /* Base */ = {isa = PBXFileReference; lastKnownFileType = file.storyboard; name = Base; path = Base.lproj/LaunchScreen.storyboard; sourceTree = "<group>"; };
		865F1F1422BDC04F0096E5D3 /* Info.plist */ = {isa = PBXFileReference; lastKnownFileType = text.plist.xml; path = Info.plist; sourceTree = "<group>"; };
		865F1F1922BDC04F0096E5D3 /* Body For LifeTests.xctest */ = {isa = PBXFileReference; explicitFileType = wrapper.cfbundle; includeInIndex = 0; path = "Body For LifeTests.xctest"; sourceTree = BUILT_PRODUCTS_DIR; };
		865F1F1D22BDC04F0096E5D3 /* Body_For_LifeTests.swift */ = {isa = PBXFileReference; lastKnownFileType = sourcecode.swift; path = Body_For_LifeTests.swift; sourceTree = "<group>"; };
		865F1F1F22BDC04F0096E5D3 /* Info.plist */ = {isa = PBXFileReference; lastKnownFileType = text.plist.xml; path = Info.plist; sourceTree = "<group>"; };
		865F1F2422BDC04F0096E5D3 /* Body For LifeUITests.xctest */ = {isa = PBXFileReference; explicitFileType = wrapper.cfbundle; includeInIndex = 0; path = "Body For LifeUITests.xctest"; sourceTree = BUILT_PRODUCTS_DIR; };
		865F1F2822BDC04F0096E5D3 /* Body_For_LifeUITests.swift */ = {isa = PBXFileReference; lastKnownFileType = sourcecode.swift; path = Body_For_LifeUITests.swift; sourceTree = "<group>"; };
		865F1F2A22BDC04F0096E5D3 /* Info.plist */ = {isa = PBXFileReference; lastKnownFileType = text.plist.xml; path = Info.plist; sourceTree = "<group>"; };
		865F1F3622BDC18E0096E5D3 /* WorkoutSelectionViewController.swift */ = {isa = PBXFileReference; lastKnownFileType = sourcecode.swift; path = WorkoutSelectionViewController.swift; sourceTree = "<group>"; };
		865F1F3822BDC4E70096E5D3 /* WorkoutCell.swift */ = {isa = PBXFileReference; lastKnownFileType = sourcecode.swift; path = WorkoutCell.swift; sourceTree = "<group>"; };
		865F1F3C22BFDE130096E5D3 /* EditWorkoutViewController.swift */ = {isa = PBXFileReference; lastKnownFileType = sourcecode.swift; path = EditWorkoutViewController.swift; sourceTree = "<group>"; };
		865F1F3E22BFE0260096E5D3 /* EditWorkoutButton.swift */ = {isa = PBXFileReference; lastKnownFileType = sourcecode.swift; path = EditWorkoutButton.swift; sourceTree = "<group>"; };
		865F1F4022C3D5520096E5D3 /* ExerciseCell.swift */ = {isa = PBXFileReference; lastKnownFileType = sourcecode.swift; path = ExerciseCell.swift; sourceTree = "<group>"; };
		865F1F4922C518710096E5D3 /* RepsCell.swift */ = {isa = PBXFileReference; lastKnownFileType = sourcecode.swift; path = RepsCell.swift; sourceTree = "<group>"; };
		865F1F4B22C51D470096E5D3 /* RepsViewController.swift */ = {isa = PBXFileReference; lastKnownFileType = sourcecode.swift; path = RepsViewController.swift; sourceTree = "<group>"; };
		865F1F4D22C525CA0096E5D3 /* EditRepViewController.swift */ = {isa = PBXFileReference; lastKnownFileType = sourcecode.swift; path = EditRepViewController.swift; sourceTree = "<group>"; };
		865F1F8D22C7D8F60096E5D3 /* Body_For_Life.xcdatamodel */ = {isa = PBXFileReference; lastKnownFileType = wrapper.xcdatamodel; path = Body_For_Life.xcdatamodel; sourceTree = "<group>"; };
		865F1F8F22C90FB60096E5D3 /* Workout+CoreDataClass.swift */ = {isa = PBXFileReference; lastKnownFileType = sourcecode.swift; path = "Workout+CoreDataClass.swift"; sourceTree = "<group>"; };
		865F1F9022C90FB60096E5D3 /* Workout+CoreDataProperties.swift */ = {isa = PBXFileReference; lastKnownFileType = sourcecode.swift; path = "Workout+CoreDataProperties.swift"; sourceTree = "<group>"; };
		865F1F9322C90FB60096E5D3 /* Rep+CoreDataClass.swift */ = {isa = PBXFileReference; lastKnownFileType = sourcecode.swift; path = "Rep+CoreDataClass.swift"; sourceTree = "<group>"; };
		865F1F9422C90FB60096E5D3 /* Rep+CoreDataProperties.swift */ = {isa = PBXFileReference; lastKnownFileType = sourcecode.swift; path = "Rep+CoreDataProperties.swift"; sourceTree = "<group>"; };
		865F1F9B22C916A90096E5D3 /* Exercise+CoreDataClass.swift */ = {isa = PBXFileReference; lastKnownFileType = sourcecode.swift; path = "Exercise+CoreDataClass.swift"; sourceTree = "<group>"; };
		865F1F9C22C916A90096E5D3 /* Exercise+CoreDataProperties.swift */ = {isa = PBXFileReference; lastKnownFileType = sourcecode.swift; path = "Exercise+CoreDataProperties.swift"; sourceTree = "<group>"; };
		865F1F9F22C9BC270096E5D3 /* WorkoutViewController.swift */ = {isa = PBXFileReference; lastKnownFileType = sourcecode.swift; path = WorkoutViewController.swift; sourceTree = "<group>"; };
		86C9F2D522F1FB2A00E64C1B /* Rep+CoreDataProperties.swift */ = {isa = PBXFileReference; lastKnownFileType = sourcecode.swift; name = "Rep+CoreDataProperties.swift"; path = "Body For Life/Model/Rep+CoreDataProperties.swift"; sourceTree = "<group>"; };
		86CBF713230B86E100B15C1D /* dumbbellIcon.png */ = {isa = PBXFileReference; lastKnownFileType = image.png; path = dumbbellIcon.png; sourceTree = "<group>"; };
		86CBF71523148B1400B15C1D /* DeleteTableViewRowAction.swift */ = {isa = PBXFileReference; lastKnownFileType = sourcecode.swift; path = DeleteTableViewRowAction.swift; sourceTree = "<group>"; };
		86CBF71B231606B000B15C1D /* EditUserDataViewController.swift */ = {isa = PBXFileReference; lastKnownFileType = sourcecode.swift; path = EditUserDataViewController.swift; sourceTree = "<group>"; };
/* End PBXFileReference section */

/* Begin PBXFrameworksBuildPhase section */
		865F1F0222BDC04C0096E5D3 /* Frameworks */ = {
			isa = PBXFrameworksBuildPhase;
			buildActionMask = 2147483647;
			files = (
			);
			runOnlyForDeploymentPostprocessing = 0;
		};
		865F1F1622BDC04F0096E5D3 /* Frameworks */ = {
			isa = PBXFrameworksBuildPhase;
			buildActionMask = 2147483647;
			files = (
			);
			runOnlyForDeploymentPostprocessing = 0;
		};
		865F1F2122BDC04F0096E5D3 /* Frameworks */ = {
			isa = PBXFrameworksBuildPhase;
			buildActionMask = 2147483647;
			files = (
			);
			runOnlyForDeploymentPostprocessing = 0;
		};
/* End PBXFrameworksBuildPhase section */

/* Begin PBXGroup section */
		865F1EFC22BDC04C0096E5D3 = {
			isa = PBXGroup;
			children = (
				86C9F2D522F1FB2A00E64C1B /* Rep+CoreDataProperties.swift */,
				865F1F0722BDC04C0096E5D3 /* Body For Life */,
				865F1F1C22BDC04F0096E5D3 /* Body For LifeTests */,
				865F1F2722BDC04F0096E5D3 /* Body For LifeUITests */,
				865F1F0622BDC04C0096E5D3 /* Products */,
			);
			sourceTree = "<group>";
		};
		865F1F0622BDC04C0096E5D3 /* Products */ = {
			isa = PBXGroup;
			children = (
				865F1F0522BDC04C0096E5D3 /* Body For Life.app */,
				865F1F1922BDC04F0096E5D3 /* Body For LifeTests.xctest */,
				865F1F2422BDC04F0096E5D3 /* Body For LifeUITests.xctest */,
			);
			name = Products;
			sourceTree = "<group>";
		};
		865F1F0722BDC04C0096E5D3 /* Body For Life */ = {
			isa = PBXGroup;
			children = (
				865F1F0822BDC04C0096E5D3 /* AppDelegate.swift */,
				865F1F0A22BDC04C0096E5D3 /* ViewController.swift */,
				865F1F0C22BDC04C0096E5D3 /* Main.storyboard */,
				865F1F0F22BDC04F0096E5D3 /* Assets.xcassets */,
				865F1F1122BDC04F0096E5D3 /* LaunchScreen.storyboard */,
				865F1F1422BDC04F0096E5D3 /* Info.plist */,
				86CBF713230B86E100B15C1D /* dumbbellIcon.png */,
				865F1F4522C516D90096E5D3 /* Controller */,
				865F1F4422C516CD0096E5D3 /* View */,
				865F1F4622C516F70096E5D3 /* Model */,
				865F1F8C22C7D8F60096E5D3 /* Body_For_Life.xcdatamodeld */,
			);
			path = "Body For Life";
			sourceTree = "<group>";
		};
		865F1F1C22BDC04F0096E5D3 /* Body For LifeTests */ = {
			isa = PBXGroup;
			children = (
				865F1F1D22BDC04F0096E5D3 /* Body_For_LifeTests.swift */,
				865F1F1F22BDC04F0096E5D3 /* Info.plist */,
			);
			path = "Body For LifeTests";
			sourceTree = "<group>";
		};
		865F1F2722BDC04F0096E5D3 /* Body For LifeUITests */ = {
			isa = PBXGroup;
			children = (
				865F1F2822BDC04F0096E5D3 /* Body_For_LifeUITests.swift */,
				865F1F2A22BDC04F0096E5D3 /* Info.plist */,
			);
			path = "Body For LifeUITests";
			sourceTree = "<group>";
		};
		865F1F4422C516CD0096E5D3 /* View */ = {
			isa = PBXGroup;
			children = (
				865F1F3822BDC4E70096E5D3 /* WorkoutCell.swift */,
				865F1F3E22BFE0260096E5D3 /* EditWorkoutButton.swift */,
				865F1F4022C3D5520096E5D3 /* ExerciseCell.swift */,
				865F1F4922C518710096E5D3 /* RepsCell.swift */,
			);
			path = View;
			sourceTree = "<group>";
		};
		865F1F4522C516D90096E5D3 /* Controller */ = {
			isa = PBXGroup;
			children = (
				865F1F3622BDC18E0096E5D3 /* WorkoutSelectionViewController.swift */,
				865F1F3C22BFDE130096E5D3 /* EditWorkoutViewController.swift */,
				865F1F4B22C51D470096E5D3 /* RepsViewController.swift */,
				865F1F4D22C525CA0096E5D3 /* EditRepViewController.swift */,
				865F1F9F22C9BC270096E5D3 /* WorkoutViewController.swift */,
				86CBF71523148B1400B15C1D /* DeleteTableViewRowAction.swift */,
				86CBF71B231606B000B15C1D /* EditUserDataViewController.swift */,
			);
			path = Controller;
			sourceTree = "<group>";
		};
		865F1F4622C516F70096E5D3 /* Model */ = {
			isa = PBXGroup;
			children = (
				865F1F9B22C916A90096E5D3 /* Exercise+CoreDataClass.swift */,
				865F1F9C22C916A90096E5D3 /* Exercise+CoreDataProperties.swift */,
				865F1F8F22C90FB60096E5D3 /* Workout+CoreDataClass.swift */,
				865F1F9022C90FB60096E5D3 /* Workout+CoreDataProperties.swift */,
				865F1F9322C90FB60096E5D3 /* Rep+CoreDataClass.swift */,
				865F1F9422C90FB60096E5D3 /* Rep+CoreDataProperties.swift */,
			);
			path = Model;
			sourceTree = "<group>";
		};
/* End PBXGroup section */

/* Begin PBXNativeTarget section */
		865F1F0422BDC04C0096E5D3 /* Body For Life */ = {
			isa = PBXNativeTarget;
			buildConfigurationList = 865F1F2D22BDC04F0096E5D3 /* Build configuration list for PBXNativeTarget "Body For Life" */;
			buildPhases = (
				865F1F0122BDC04C0096E5D3 /* Sources */,
				865F1F0222BDC04C0096E5D3 /* Frameworks */,
				865F1F0322BDC04C0096E5D3 /* Resources */,
			);
			buildRules = (
			);
			dependencies = (
			);
			name = "Body For Life";
			productName = "Body For Life";
			productReference = 865F1F0522BDC04C0096E5D3 /* Body For Life.app */;
			productType = "com.apple.product-type.application";
		};
		865F1F1822BDC04F0096E5D3 /* Body For LifeTests */ = {
			isa = PBXNativeTarget;
			buildConfigurationList = 865F1F3022BDC04F0096E5D3 /* Build configuration list for PBXNativeTarget "Body For LifeTests" */;
			buildPhases = (
				865F1F1522BDC04F0096E5D3 /* Sources */,
				865F1F1622BDC04F0096E5D3 /* Frameworks */,
				865F1F1722BDC04F0096E5D3 /* Resources */,
			);
			buildRules = (
			);
			dependencies = (
				865F1F1B22BDC04F0096E5D3 /* PBXTargetDependency */,
			);
			name = "Body For LifeTests";
			productName = "Body For LifeTests";
			productReference = 865F1F1922BDC04F0096E5D3 /* Body For LifeTests.xctest */;
			productType = "com.apple.product-type.bundle.unit-test";
		};
		865F1F2322BDC04F0096E5D3 /* Body For LifeUITests */ = {
			isa = PBXNativeTarget;
			buildConfigurationList = 865F1F3322BDC04F0096E5D3 /* Build configuration list for PBXNativeTarget "Body For LifeUITests" */;
			buildPhases = (
				865F1F2022BDC04F0096E5D3 /* Sources */,
				865F1F2122BDC04F0096E5D3 /* Frameworks */,
				865F1F2222BDC04F0096E5D3 /* Resources */,
			);
			buildRules = (
			);
			dependencies = (
				865F1F2622BDC04F0096E5D3 /* PBXTargetDependency */,
			);
			name = "Body For LifeUITests";
			productName = "Body For LifeUITests";
			productReference = 865F1F2422BDC04F0096E5D3 /* Body For LifeUITests.xctest */;
			productType = "com.apple.product-type.bundle.ui-testing";
		};
/* End PBXNativeTarget section */

/* Begin PBXProject section */
		865F1EFD22BDC04C0096E5D3 /* Project object */ = {
			isa = PBXProject;
			attributes = {
				LastSwiftUpdateCheck = 1020;
				LastUpgradeCheck = 1020;
				ORGANIZATIONNAME = "Aramis Knox";
				TargetAttributes = {
					865F1F0422BDC04C0096E5D3 = {
						CreatedOnToolsVersion = 10.2.1;
					};
					865F1F1822BDC04F0096E5D3 = {
						CreatedOnToolsVersion = 10.2.1;
						TestTargetID = 865F1F0422BDC04C0096E5D3;
					};
					865F1F2322BDC04F0096E5D3 = {
						CreatedOnToolsVersion = 10.2.1;
						TestTargetID = 865F1F0422BDC04C0096E5D3;
					};
				};
			};
			buildConfigurationList = 865F1F0022BDC04C0096E5D3 /* Build configuration list for PBXProject "Body For Life" */;
			compatibilityVersion = "Xcode 9.3";
			developmentRegion = en;
			hasScannedForEncodings = 0;
			knownRegions = (
				en,
				Base,
			);
			mainGroup = 865F1EFC22BDC04C0096E5D3;
			productRefGroup = 865F1F0622BDC04C0096E5D3 /* Products */;
			projectDirPath = "";
			projectRoot = "";
			targets = (
				865F1F0422BDC04C0096E5D3 /* Body For Life */,
				865F1F1822BDC04F0096E5D3 /* Body For LifeTests */,
				865F1F2322BDC04F0096E5D3 /* Body For LifeUITests */,
			);
		};
/* End PBXProject section */

/* Begin PBXResourcesBuildPhase section */
		865F1F0322BDC04C0096E5D3 /* Resources */ = {
			isa = PBXResourcesBuildPhase;
			buildActionMask = 2147483647;
			files = (
				865F1F1322BDC04F0096E5D3 /* LaunchScreen.storyboard in Resources */,
				865F1F1022BDC04F0096E5D3 /* Assets.xcassets in Resources */,
				865F1F0E22BDC04C0096E5D3 /* Main.storyboard in Resources */,
				86CBF714230B86E200B15C1D /* dumbbellIcon.png in Resources */,
			);
			runOnlyForDeploymentPostprocessing = 0;
		};
		865F1F1722BDC04F0096E5D3 /* Resources */ = {
			isa = PBXResourcesBuildPhase;
			buildActionMask = 2147483647;
			files = (
			);
			runOnlyForDeploymentPostprocessing = 0;
		};
		865F1F2222BDC04F0096E5D3 /* Resources */ = {
			isa = PBXResourcesBuildPhase;
			buildActionMask = 2147483647;
			files = (
			);
			runOnlyForDeploymentPostprocessing = 0;
		};
/* End PBXResourcesBuildPhase section */

/* Begin PBXSourcesBuildPhase section */
		865F1F0122BDC04C0096E5D3 /* Sources */ = {
			isa = PBXSourcesBuildPhase;
			buildActionMask = 2147483647;
			files = (
				86CBF71C231606B000B15C1D /* EditUserDataViewController.swift in Sources */,
				865F1F4C22C51D470096E5D3 /* RepsViewController.swift in Sources */,
				865F1F9A22C90FB60096E5D3 /* Rep+CoreDataProperties.swift in Sources */,
				865F1F9E22C916A90096E5D3 /* Exercise+CoreDataProperties.swift in Sources */,
				865F1F9522C90FB60096E5D3 /* Workout+CoreDataClass.swift in Sources */,
				865F1F9D22C916A90096E5D3 /* Exercise+CoreDataClass.swift in Sources */,
				865F1F9622C90FB60096E5D3 /* Workout+CoreDataProperties.swift in Sources */,
				86C9F2D622F1FB2A00E64C1B /* Rep+CoreDataProperties.swift in Sources */,
				865F1F3D22BFDE130096E5D3 /* EditWorkoutViewController.swift in Sources */,
				865F1F0B22BDC04C0096E5D3 /* ViewController.swift in Sources */,
				865F1F8E22C7D8F60096E5D3 /* Body_For_Life.xcdatamodeld in Sources */,
				865F1F9922C90FB60096E5D3 /* Rep+CoreDataClass.swift in Sources */,
				865F1F0922BDC04C0096E5D3 /* AppDelegate.swift in Sources */,
				865F1F3722BDC18E0096E5D3 /* WorkoutSelectionViewController.swift in Sources */,
				86CBF71623148B1400B15C1D /* DeleteTableViewRowAction.swift in Sources */,
				865F1FA022C9BC270096E5D3 /* WorkoutViewController.swift in Sources */,
				865F1F4A22C518710096E5D3 /* RepsCell.swift in Sources */,
				865F1F4122C3D5520096E5D3 /* ExerciseCell.swift in Sources */,
				865F1F3F22BFE0260096E5D3 /* EditWorkoutButton.swift in Sources */,
				865F1F3922BDC4E70096E5D3 /* WorkoutCell.swift in Sources */,
				865F1F4E22C525CA0096E5D3 /* EditRepViewController.swift in Sources */,
			);
			runOnlyForDeploymentPostprocessing = 0;
		};
		865F1F1522BDC04F0096E5D3 /* Sources */ = {
			isa = PBXSourcesBuildPhase;
			buildActionMask = 2147483647;
			files = (
				865F1F1E22BDC04F0096E5D3 /* Body_For_LifeTests.swift in Sources */,
			);
			runOnlyForDeploymentPostprocessing = 0;
		};
		865F1F2022BDC04F0096E5D3 /* Sources */ = {
			isa = PBXSourcesBuildPhase;
			buildActionMask = 2147483647;
			files = (
				865F1F2922BDC04F0096E5D3 /* Body_For_LifeUITests.swift in Sources */,
			);
			runOnlyForDeploymentPostprocessing = 0;
		};
/* End PBXSourcesBuildPhase section */

/* Begin PBXTargetDependency section */
		865F1F1B22BDC04F0096E5D3 /* PBXTargetDependency */ = {
			isa = PBXTargetDependency;
			target = 865F1F0422BDC04C0096E5D3 /* Body For Life */;
			targetProxy = 865F1F1A22BDC04F0096E5D3 /* PBXContainerItemProxy */;
		};
		865F1F2622BDC04F0096E5D3 /* PBXTargetDependency */ = {
			isa = PBXTargetDependency;
			target = 865F1F0422BDC04C0096E5D3 /* Body For Life */;
			targetProxy = 865F1F2522BDC04F0096E5D3 /* PBXContainerItemProxy */;
		};
/* End PBXTargetDependency section */

/* Begin PBXVariantGroup section */
		865F1F0C22BDC04C0096E5D3 /* Main.storyboard */ = {
			isa = PBXVariantGroup;
			children = (
				865F1F0D22BDC04C0096E5D3 /* Base */,
			);
			name = Main.storyboard;
			sourceTree = "<group>";
		};
		865F1F1122BDC04F0096E5D3 /* LaunchScreen.storyboard */ = {
			isa = PBXVariantGroup;
			children = (
				865F1F1222BDC04F0096E5D3 /* Base */,
			);
			name = LaunchScreen.storyboard;
			sourceTree = "<group>";
		};
/* End PBXVariantGroup section */

/* Begin XCBuildConfiguration section */
		865F1F2B22BDC04F0096E5D3 /* Debug */ = {
			isa = XCBuildConfiguration;
			buildSettings = {
				ALWAYS_SEARCH_USER_PATHS = NO;
				CLANG_ANALYZER_NONNULL = YES;
				CLANG_ANALYZER_NUMBER_OBJECT_CONVERSION = YES_AGGRESSIVE;
				CLANG_CXX_LANGUAGE_STANDARD = "gnu++14";
				CLANG_CXX_LIBRARY = "libc++";
				CLANG_ENABLE_MODULES = YES;
				CLANG_ENABLE_OBJC_ARC = YES;
				CLANG_ENABLE_OBJC_WEAK = YES;
				CLANG_WARN_BLOCK_CAPTURE_AUTORELEASING = YES;
				CLANG_WARN_BOOL_CONVERSION = YES;
				CLANG_WARN_COMMA = YES;
				CLANG_WARN_CONSTANT_CONVERSION = YES;
				CLANG_WARN_DEPRECATED_OBJC_IMPLEMENTATIONS = YES;
				CLANG_WARN_DIRECT_OBJC_ISA_USAGE = YES_ERROR;
				CLANG_WARN_DOCUMENTATION_COMMENTS = YES;
				CLANG_WARN_EMPTY_BODY = YES;
				CLANG_WARN_ENUM_CONVERSION = YES;
				CLANG_WARN_INFINITE_RECURSION = YES;
				CLANG_WARN_INT_CONVERSION = YES;
				CLANG_WARN_NON_LITERAL_NULL_CONVERSION = YES;
				CLANG_WARN_OBJC_IMPLICIT_RETAIN_SELF = YES;
				CLANG_WARN_OBJC_LITERAL_CONVERSION = YES;
				CLANG_WARN_OBJC_ROOT_CLASS = YES_ERROR;
				CLANG_WARN_RANGE_LOOP_ANALYSIS = YES;
				CLANG_WARN_STRICT_PROTOTYPES = YES;
				CLANG_WARN_SUSPICIOUS_MOVE = YES;
				CLANG_WARN_UNGUARDED_AVAILABILITY = YES_AGGRESSIVE;
				CLANG_WARN_UNREACHABLE_CODE = YES;
				CLANG_WARN__DUPLICATE_METHOD_MATCH = YES;
				CODE_SIGN_IDENTITY = "iPhone Developer";
				COPY_PHASE_STRIP = NO;
				DEBUG_INFORMATION_FORMAT = dwarf;
				ENABLE_STRICT_OBJC_MSGSEND = YES;
				ENABLE_TESTABILITY = YES;
				GCC_C_LANGUAGE_STANDARD = gnu11;
				GCC_DYNAMIC_NO_PIC = NO;
				GCC_NO_COMMON_BLOCKS = YES;
				GCC_OPTIMIZATION_LEVEL = 0;
				GCC_PREPROCESSOR_DEFINITIONS = (
					"DEBUG=1",
					"$(inherited)",
				);
				GCC_WARN_64_TO_32_BIT_CONVERSION = YES;
				GCC_WARN_ABOUT_RETURN_TYPE = YES_ERROR;
				GCC_WARN_UNDECLARED_SELECTOR = YES;
				GCC_WARN_UNINITIALIZED_AUTOS = YES_AGGRESSIVE;
				GCC_WARN_UNUSED_FUNCTION = YES;
				GCC_WARN_UNUSED_VARIABLE = YES;
				IPHONEOS_DEPLOYMENT_TARGET = 12.2;
				MTL_ENABLE_DEBUG_INFO = INCLUDE_SOURCE;
				MTL_FAST_MATH = YES;
				ONLY_ACTIVE_ARCH = YES;
				SDKROOT = iphoneos;
				SWIFT_ACTIVE_COMPILATION_CONDITIONS = DEBUG;
				SWIFT_OPTIMIZATION_LEVEL = "-Onone";
			};
			name = Debug;
		};
		865F1F2C22BDC04F0096E5D3 /* Release */ = {
			isa = XCBuildConfiguration;
			buildSettings = {
				ALWAYS_SEARCH_USER_PATHS = NO;
				CLANG_ANALYZER_NONNULL = YES;
				CLANG_ANALYZER_NUMBER_OBJECT_CONVERSION = YES_AGGRESSIVE;
				CLANG_CXX_LANGUAGE_STANDARD = "gnu++14";
				CLANG_CXX_LIBRARY = "libc++";
				CLANG_ENABLE_MODULES = YES;
				CLANG_ENABLE_OBJC_ARC = YES;
				CLANG_ENABLE_OBJC_WEAK = YES;
				CLANG_WARN_BLOCK_CAPTURE_AUTORELEASING = YES;
				CLANG_WARN_BOOL_CONVERSION = YES;
				CLANG_WARN_COMMA = YES;
				CLANG_WARN_CONSTANT_CONVERSION = YES;
				CLANG_WARN_DEPRECATED_OBJC_IMPLEMENTATIONS = YES;
				CLANG_WARN_DIRECT_OBJC_ISA_USAGE = YES_ERROR;
				CLANG_WARN_DOCUMENTATION_COMMENTS = YES;
				CLANG_WARN_EMPTY_BODY = YES;
				CLANG_WARN_ENUM_CONVERSION = YES;
				CLANG_WARN_INFINITE_RECURSION = YES;
				CLANG_WARN_INT_CONVERSION = YES;
				CLANG_WARN_NON_LITERAL_NULL_CONVERSION = YES;
				CLANG_WARN_OBJC_IMPLICIT_RETAIN_SELF = YES;
				CLANG_WARN_OBJC_LITERAL_CONVERSION = YES;
				CLANG_WARN_OBJC_ROOT_CLASS = YES_ERROR;
				CLANG_WARN_RANGE_LOOP_ANALYSIS = YES;
				CLANG_WARN_STRICT_PROTOTYPES = YES;
				CLANG_WARN_SUSPICIOUS_MOVE = YES;
				CLANG_WARN_UNGUARDED_AVAILABILITY = YES_AGGRESSIVE;
				CLANG_WARN_UNREACHABLE_CODE = YES;
				CLANG_WARN__DUPLICATE_METHOD_MATCH = YES;
				CODE_SIGN_IDENTITY = "iPhone Developer";
				COPY_PHASE_STRIP = NO;
				DEBUG_INFORMATION_FORMAT = "dwarf-with-dsym";
				ENABLE_NS_ASSERTIONS = NO;
				ENABLE_STRICT_OBJC_MSGSEND = YES;
				GCC_C_LANGUAGE_STANDARD = gnu11;
				GCC_NO_COMMON_BLOCKS = YES;
				GCC_WARN_64_TO_32_BIT_CONVERSION = YES;
				GCC_WARN_ABOUT_RETURN_TYPE = YES_ERROR;
				GCC_WARN_UNDECLARED_SELECTOR = YES;
				GCC_WARN_UNINITIALIZED_AUTOS = YES_AGGRESSIVE;
				GCC_WARN_UNUSED_FUNCTION = YES;
				GCC_WARN_UNUSED_VARIABLE = YES;
				IPHONEOS_DEPLOYMENT_TARGET = 12.2;
				MTL_ENABLE_DEBUG_INFO = NO;
				MTL_FAST_MATH = YES;
				SDKROOT = iphoneos;
				SWIFT_COMPILATION_MODE = wholemodule;
				SWIFT_OPTIMIZATION_LEVEL = "-O";
				VALIDATE_PRODUCT = YES;
			};
			name = Release;
		};
		865F1F2E22BDC04F0096E5D3 /* Debug */ = {
			isa = XCBuildConfiguration;
			buildSettings = {
				ASSETCATALOG_COMPILER_APPICON_NAME = AppIcon;
				CODE_SIGN_STYLE = Automatic;
				DEVELOPMENT_TEAM = WPHC4GBJCT;
				INFOPLIST_FILE = "Body For Life/Info.plist";
				LD_RUNPATH_SEARCH_PATHS = (
					"$(inherited)",
					"@executable_path/Frameworks",
				);
				PRODUCT_BUNDLE_IDENTIFIER = "Knoxious.Body-For-Life";
				PRODUCT_NAME = "$(TARGET_NAME)";
				SWIFT_VERSION = 5.0;
				TARGETED_DEVICE_FAMILY = "1,2";
			};
			name = Debug;
		};
		865F1F2F22BDC04F0096E5D3 /* Release */ = {
			isa = XCBuildConfiguration;
			buildSettings = {
				ASSETCATALOG_COMPILER_APPICON_NAME = AppIcon;
				CODE_SIGN_STYLE = Automatic;
				DEVELOPMENT_TEAM = WPHC4GBJCT;
				INFOPLIST_FILE = "Body For Life/Info.plist";
				LD_RUNPATH_SEARCH_PATHS = (
					"$(inherited)",
					"@executable_path/Frameworks",
				);
				PRODUCT_BUNDLE_IDENTIFIER = "Knoxious.Body-For-Life";
				PRODUCT_NAME = "$(TARGET_NAME)";
				SWIFT_VERSION = 5.0;
				TARGETED_DEVICE_FAMILY = "1,2";
			};
			name = Release;
		};
		865F1F3122BDC04F0096E5D3 /* Debug */ = {
			isa = XCBuildConfiguration;
			buildSettings = {
				ALWAYS_EMBED_SWIFT_STANDARD_LIBRARIES = YES;
				BUNDLE_LOADER = "$(TEST_HOST)";
				CODE_SIGN_STYLE = Automatic;
				DEVELOPMENT_TEAM = WPHC4GBJCT;
				INFOPLIST_FILE = "Body For LifeTests/Info.plist";
				LD_RUNPATH_SEARCH_PATHS = (
					"$(inherited)",
					"@executable_path/Frameworks",
					"@loader_path/Frameworks",
				);
				PRODUCT_BUNDLE_IDENTIFIER = "Knoxious.Body-For-LifeTests";
				PRODUCT_NAME = "$(TARGET_NAME)";
				SWIFT_VERSION = 5.0;
				TARGETED_DEVICE_FAMILY = "1,2";
				TEST_HOST = "$(BUILT_PRODUCTS_DIR)/Body For Life.app/Body For Life";
			};
			name = Debug;
		};
		865F1F3222BDC04F0096E5D3 /* Release */ = {
			isa = XCBuildConfiguration;
			buildSettings = {
				ALWAYS_EMBED_SWIFT_STANDARD_LIBRARIES = YES;
				BUNDLE_LOADER = "$(TEST_HOST)";
				CODE_SIGN_STYLE = Automatic;
				DEVELOPMENT_TEAM = WPHC4GBJCT;
				INFOPLIST_FILE = "Body For LifeTests/Info.plist";
				LD_RUNPATH_SEARCH_PATHS = (
					"$(inherited)",
					"@executable_path/Frameworks",
					"@loader_path/Frameworks",
				);
				PRODUCT_BUNDLE_IDENTIFIER = "Knoxious.Body-For-LifeTests";
				PRODUCT_NAME = "$(TARGET_NAME)";
				SWIFT_VERSION = 5.0;
				TARGETED_DEVICE_FAMILY = "1,2";
				TEST_HOST = "$(BUILT_PRODUCTS_DIR)/Body For Life.app/Body For Life";
			};
			name = Release;
		};
		865F1F3422BDC04F0096E5D3 /* Debug */ = {
			isa = XCBuildConfiguration;
			buildSettings = {
				ALWAYS_EMBED_SWIFT_STANDARD_LIBRARIES = YES;
				CODE_SIGN_STYLE = Automatic;
				DEVELOPMENT_TEAM = WPHC4GBJCT;
				INFOPLIST_FILE = "Body For LifeUITests/Info.plist";
				LD_RUNPATH_SEARCH_PATHS = (
					"$(inherited)",
					"@executable_path/Frameworks",
					"@loader_path/Frameworks",
				);
				PRODUCT_BUNDLE_IDENTIFIER = "Knoxious.Body-For-LifeUITests";
				PRODUCT_NAME = "$(TARGET_NAME)";
				SWIFT_VERSION = 5.0;
				TARGETED_DEVICE_FAMILY = "1,2";
				TEST_TARGET_NAME = "Body For Life";
			};
			name = Debug;
		};
		865F1F3522BDC04F0096E5D3 /* Release */ = {
			isa = XCBuildConfiguration;
			buildSettings = {
				ALWAYS_EMBED_SWIFT_STANDARD_LIBRARIES = YES;
				CODE_SIGN_STYLE = Automatic;
				DEVELOPMENT_TEAM = WPHC4GBJCT;
				INFOPLIST_FILE = "Body For LifeUITests/Info.plist";
				LD_RUNPATH_SEARCH_PATHS = (
					"$(inherited)",
					"@executable_path/Frameworks",
					"@loader_path/Frameworks",
				);
				PRODUCT_BUNDLE_IDENTIFIER = "Knoxious.Body-For-LifeUITests";
				PRODUCT_NAME = "$(TARGET_NAME)";
				SWIFT_VERSION = 5.0;
				TARGETED_DEVICE_FAMILY = "1,2";
				TEST_TARGET_NAME = "Body For Life";
			};
			name = Release;
		};
/* End XCBuildConfiguration section */

/* Begin XCConfigurationList section */
		865F1F0022BDC04C0096E5D3 /* Build configuration list for PBXProject "Body For Life" */ = {
			isa = XCConfigurationList;
			buildConfigurations = (
				865F1F2B22BDC04F0096E5D3 /* Debug */,
				865F1F2C22BDC04F0096E5D3 /* Release */,
			);
			defaultConfigurationIsVisible = 0;
			defaultConfigurationName = Release;
		};
		865F1F2D22BDC04F0096E5D3 /* Build configuration list for PBXNativeTarget "Body For Life" */ = {
			isa = XCConfigurationList;
			buildConfigurations = (
				865F1F2E22BDC04F0096E5D3 /* Debug */,
				865F1F2F22BDC04F0096E5D3 /* Release */,
			);
			defaultConfigurationIsVisible = 0;
			defaultConfigurationName = Release;
		};
		865F1F3022BDC04F0096E5D3 /* Build configuration list for PBXNativeTarget "Body For LifeTests" */ = {
			isa = XCConfigurationList;
			buildConfigurations = (
				865F1F3122BDC04F0096E5D3 /* Debug */,
				865F1F3222BDC04F0096E5D3 /* Release */,
			);
			defaultConfigurationIsVisible = 0;
			defaultConfigurationName = Release;
		};
		865F1F3322BDC04F0096E5D3 /* Build configuration list for PBXNativeTarget "Body For LifeUITests" */ = {
			isa = XCConfigurationList;
			buildConfigurations = (
				865F1F3422BDC04F0096E5D3 /* Debug */,
				865F1F3522BDC04F0096E5D3 /* Release */,
			);
			defaultConfigurationIsVisible = 0;
			defaultConfigurationName = Release;
		};
/* End XCConfigurationList section */

/* Begin XCVersionGroup section */
		865F1F8C22C7D8F60096E5D3 /* Body_For_Life.xcdatamodeld */ = {
			isa = XCVersionGroup;
			children = (
				865F1F8D22C7D8F60096E5D3 /* Body_For_Life.xcdatamodel */,
			);
			currentVersion = 865F1F8D22C7D8F60096E5D3 /* Body_For_Life.xcdatamodel */;
			path = Body_For_Life.xcdatamodeld;
			sourceTree = "<group>";
			versionGroupType = wrapper.xcdatamodel;
		};
/* End XCVersionGroup section */
	};
	rootObject = 865F1EFD22BDC04C0096E5D3 /* Project object */;
}
